
Microsoft Visual Studio Solution File, Format Version 12.00
# Visual Studio 15
Project("{FAE04EC0-301F-11D3-BF4B-00C04F79EFBC}") = "VogCodeChallenge.API", "VogCodeChallenge.API\VogCodeChallenge.API.csproj", "{8CED1275-600D-4E9C-9091-5C1C4964B39E}"
EndProject
Project("{FAE04EC0-301F-11D3-BF4B-00C04F79EFBC}") = "VogCodeChallenge.Domain", "VogCodeChallenge.Domain\VogCodeChallenge.Domain.csproj", "{D4756CC4-1443-4BBB-8DD5-5E687F7CF58A}"
EndProject
Global
	GlobalSection(SolutionConfigurationPlatforms) = preSolution
		Debug|Any CPU = Debug|Any CPU
		Release|Any CPU = Release|Any CPU
	EndGlobalSection
	GlobalSection(ProjectConfigurationPlatforms) = postSolution
		{8CED1275-600D-4E9C-9091-5C1C4964B39E}.Debug|Any CPU.ActiveCfg = Debug|Any CPU
		{8CED1275-600D-4E9C-9091-5C1C4964B39E}.Debug|Any CPU.Build.0 = Debug|Any CPU
		{8CED1275-600D-4E9C-9091-5C1C4964B39E}.Release|Any CPU.ActiveCfg = Release|Any CPU
		{8CED1275-600D-4E9C-9091-5C1C4964B39E}.Release|Any CPU.Build.0 = Release|Any CPU
		{D4756CC4-1443-4BBB-8DD5-5E687F7CF58A}.Debug|Any CPU.ActiveCfg = Debug|Any CPU
		{D4756CC4-1443-4BBB-8DD5-5E687F7CF58A}.Debug|Any CPU.Build.0 = Debug|Any CPU
		{D4756CC4-1443-4BBB-8DD5-5E687F7CF58A}.Release|Any CPU.ActiveCfg = Release|Any CPU
		{D4756CC4-1443-4BBB-8DD5-5E687F7CF58A}.Release|Any CPU.Build.0 = Release|Any CPU
	EndGlobalSection
EndGlobal
